
Microsoft Visual Studio Solution File, Format Version 12.00
# Visual Studio Version 16
VisualStudioVersion = 16.0.29806.167
MinimumVisualStudioVersion = 10.0.40219.1
Project("{9A19103F-16F7-4668-BE54-9A1E7A4F7556}") = "GCD", "..\GCD\GCD.csproj", "{61662B42-3B9E-4EDA-A815-CF3A7F56AE6E}"
EndProject
Project("{9A19103F-16F7-4668-BE54-9A1E7A4F7556}") = "LCM", "..\LCM\LCM.csproj", "{1C646DB4-6DB1-40A0-A3BE-2757640068E9}"
EndProject
Project("{9A19103F-16F7-4668-BE54-9A1E7A4F7556}") = "GCD.console", "GCD.console\GCD.console.csproj", "{254BDCC4-B4A2-4ECE-8FEB-064B68A57041}"
EndProject
Project("{FAE04EC0-301F-11D3-BF4B-00C04F79EFBC}") = "XUnitTest", "XUnitTest\XUnitTest.csproj", "{F23B9C84-ED98-4D05-9652-C6BAC9B01EBF}"
EndProject
Project("{FAE04EC0-301F-11D3-BF4B-00C04F79EFBC}") = "LCM.console", "LCM.console\LCM.console.csproj", "{C4EFEAE3-573F-491C-9B39-7C2B8B8149C2}"
EndProject
Global
	GlobalSection(SolutionConfigurationPlatforms) = preSolution
		Debug|Any CPU = Debug|Any CPU
		Release|Any CPU = Release|Any CPU
	EndGlobalSection
	GlobalSection(ProjectConfigurationPlatforms) = postSolution
		{61662B42-3B9E-4EDA-A815-CF3A7F56AE6E}.Debug|Any CPU.ActiveCfg = Debug|Any CPU
		{61662B42-3B9E-4EDA-A815-CF3A7F56AE6E}.Debug|Any CPU.Build.0 = Debug|Any CPU
		{61662B42-3B9E-4EDA-A815-CF3A7F56AE6E}.Release|Any CPU.ActiveCfg = Release|Any CPU
		{61662B42-3B9E-4EDA-A815-CF3A7F56AE6E}.Release|Any CPU.Build.0 = Release|Any CPU
		{1C646DB4-6DB1-40A0-A3BE-2757640068E9}.Debug|Any CPU.ActiveCfg = Debug|Any CPU
		{1C646DB4-6DB1-40A0-A3BE-2757640068E9}.Debug|Any CPU.Build.0 = Debug|Any CPU
		{1C646DB4-6DB1-40A0-A3BE-2757640068E9}.Release|Any CPU.ActiveCfg = Release|Any CPU
		{1C646DB4-6DB1-40A0-A3BE-2757640068E9}.Release|Any CPU.Build.0 = Release|Any CPU
		{254BDCC4-B4A2-4ECE-8FEB-064B68A57041}.Debug|Any CPU.ActiveCfg = Debug|Any CPU
		{254BDCC4-B4A2-4ECE-8FEB-064B68A57041}.Debug|Any CPU.Build.0 = Debug|Any CPU
		{254BDCC4-B4A2-4ECE-8FEB-064B68A57041}.Release|Any CPU.ActiveCfg = Release|Any CPU
		{254BDCC4-B4A2-4ECE-8FEB-064B68A57041}.Release|Any CPU.Build.0 = Release|Any CPU
		{F23B9C84-ED98-4D05-9652-C6BAC9B01EBF}.Debug|Any CPU.ActiveCfg = Debug|Any CPU
		{F23B9C84-ED98-4D05-9652-C6BAC9B01EBF}.Debug|Any CPU.Build.0 = Debug|Any CPU
		{F23B9C84-ED98-4D05-9652-C6BAC9B01EBF}.Release|Any CPU.ActiveCfg = Release|Any CPU
		{F23B9C84-ED98-4D05-9652-C6BAC9B01EBF}.Release|Any CPU.Build.0 = Release|Any CPU
		{C4EFEAE3-573F-491C-9B39-7C2B8B8149C2}.Debug|Any CPU.ActiveCfg = Debug|Any CPU
		{C4EFEAE3-573F-491C-9B39-7C2B8B8149C2}.Debug|Any CPU.Build.0 = Debug|Any CPU
		{C4EFEAE3-573F-491C-9B39-7C2B8B8149C2}.Release|Any CPU.ActiveCfg = Release|Any CPU
		{C4EFEAE3-573F-491C-9B39-7C2B8B8149C2}.Release|Any CPU.Build.0 = Release|Any CPU
	EndGlobalSection
	GlobalSection(SolutionProperties) = preSolution
		HideSolutionNode = FALSE
	EndGlobalSection
	GlobalSection(ExtensibilityGlobals) = postSolution
		SolutionGuid = {C1BD7281-D198-4FF0-8DD1-F8C024347EFA}
	EndGlobalSection
EndGlobal
